
Microsoft Visual Studio Solution File, Format Version 12.00
# Visual Studio Version 16
VisualStudioVersion = 16.0.31321.278
MinimumVisualStudioVersion = 10.0.40219.1
Project("{FAE04EC0-301F-11D3-BF4B-00C04F79EFBC}") = "DVMusicEdit", "DVMusicEdit\DVMusicEdit.csproj", "{0A1317FC-34E9-4199-B052-F425B52A7977}"
EndProject
Global
	GlobalSection(SolutionConfigurationPlatforms) = preSolution
		Debug|Any CPU = Debug|Any CPU
		Release|Any CPU = Release|Any CPU
	EndGlobalSection
	GlobalSection(ProjectConfigurationPlatforms) = postSolution
		{0A1317FC-34E9-4199-B052-F425B52A7977}.Debug|Any CPU.ActiveCfg = Debug|Any CPU
		{0A1317FC-34E9-4199-B052-F425B52A7977}.Debug|Any CPU.Build.0 = Debug|Any CPU
		{0A1317FC-34E9-4199-B052-F425B52A7977}.Release|Any CPU.ActiveCfg = Release|Any CPU
		{0A1317FC-34E9-4199-B052-F425B52A7977}.Release|Any CPU.Build.0 = Release|Any CPU
	EndGlobalSection
	GlobalSection(SolutionProperties) = preSolution
		HideSolutionNode = FALSE
	EndGlobalSection
	GlobalSection(ExtensibilityGlobals) = postSolution
		SolutionGuid = {6DC40A23-15A7-46BA-AD14-CD7692749D86}
	EndGlobalSection
EndGlobal
